
Microsoft Visual Studio Solution File, Format Version 12.00
# Visual Studio Version 16
VisualStudioVersion = 16.0.29709.97
MinimumVisualStudioVersion = 10.0.40219.1
Project("{FAE04EC0-301F-11D3-BF4B-00C04F79EFBC}") = "Professores", "Professores.csproj", "{7C83413A-BB1E-4387-924F-FD1F4DF2FCEE}"
EndProject
Global
	GlobalSection(SolutionConfigurationPlatforms) = preSolution
		Debug|Any CPU = Debug|Any CPU
		Release|Any CPU = Release|Any CPU
	EndGlobalSection
	GlobalSection(ProjectConfigurationPlatforms) = postSolution
		{7C83413A-BB1E-4387-924F-FD1F4DF2FCEE}.Debug|Any CPU.ActiveCfg = Debug|Any CPU
		{7C83413A-BB1E-4387-924F-FD1F4DF2FCEE}.Debug|Any CPU.Build.0 = Debug|Any CPU
		{7C83413A-BB1E-4387-924F-FD1F4DF2FCEE}.Release|Any CPU.ActiveCfg = Release|Any CPU
		{7C83413A-BB1E-4387-924F-FD1F4DF2FCEE}.Release|Any CPU.Build.0 = Release|Any CPU
	EndGlobalSection
	GlobalSection(SolutionProperties) = preSolution
		HideSolutionNode = FALSE
	EndGlobalSection
	GlobalSection(ExtensibilityGlobals) = postSolution
		SolutionGuid = {DA4CD2AB-BECD-499C-A4C8-E00F5AE43E61}
	EndGlobalSection
EndGlobal
